
Microsoft Visual Studio Solution File, Format Version 12.00
# Visual Studio Version 17
VisualStudioVersion = 17.5.33414.496
MinimumVisualStudioVersion = 10.0.40219.1
Project("{9A19103F-16F7-4668-BE54-9A1E7A4F7556}") = "ArrayConsoleApp", "ArrayConsoleApp\ArrayConsoleApp.csproj", "{7D4DE65E-B2A7-4A2F-BA0B-4C8C516A722A}"
EndProject
Project("{9A19103F-16F7-4668-BE54-9A1E7A4F7556}") = "ArrayTests", "ArrayTests\ArrayTests.csproj", "{4926DE32-1AC5-422C-B3A8-2BE466155AF1}"
EndProject
Project("{9A19103F-16F7-4668-BE54-9A1E7A4F7556}") = "Array", "Array\Array.csproj", "{631075F3-94C8-41A1-9E02-11ACDA3C41E9}"
EndProject
Project("{2150E333-8FDC-42A3-9474-1A3956D46DE8}") = "Solution Items", "Solution Items", "{57AB7126-49F5-4EEC-985E-8AF6ED8F0D70}"
	ProjectSection(SolutionItems) = preProject
		.editorconfig = .editorconfig
	EndProjectSection
EndProject
Project("{9A19103F-16F7-4668-BE54-9A1E7A4F7556}") = "CollectionConsoleApp", "CollectionConsoleApp\CollectionConsoleApp.csproj", "{67BD5F6F-F069-401A-8067-694C8D7E375E}"
EndProject
Project("{9A19103F-16F7-4668-BE54-9A1E7A4F7556}") = "CollectionTests", "CollectionTests\CollectionTests.csproj", "{E54071CE-B0B4-4077-B212-5EA84BB0CC41}"
EndProject
Project("{FAE04EC0-301F-11D3-BF4B-00C04F79EFBC}") = "List", "List\List.csproj", "{CC33EB80-7CAF-4810-A6F7-35E716335E3F}"
EndProject
Project("{FAE04EC0-301F-11D3-BF4B-00C04F79EFBC}") = "ListTests", "ListTests\ListTests.csproj", "{FB8B1C8A-88E5-466A-9B00-BEE56C69214C}"
EndProject
Global
	GlobalSection(SolutionConfigurationPlatforms) = preSolution
		Debug|Any CPU = Debug|Any CPU
		Debug|x64 = Debug|x64
		Debug|x86 = Debug|x86
		Release|Any CPU = Release|Any CPU
		Release|x64 = Release|x64
		Release|x86 = Release|x86
	EndGlobalSection
	GlobalSection(ProjectConfigurationPlatforms) = postSolution
		{7D4DE65E-B2A7-4A2F-BA0B-4C8C516A722A}.Debug|Any CPU.ActiveCfg = Debug|Any CPU
		{7D4DE65E-B2A7-4A2F-BA0B-4C8C516A722A}.Debug|Any CPU.Build.0 = Debug|Any CPU
		{7D4DE65E-B2A7-4A2F-BA0B-4C8C516A722A}.Debug|x64.ActiveCfg = Debug|Any CPU
		{7D4DE65E-B2A7-4A2F-BA0B-4C8C516A722A}.Debug|x64.Build.0 = Debug|Any CPU
		{7D4DE65E-B2A7-4A2F-BA0B-4C8C516A722A}.Debug|x86.ActiveCfg = Debug|Any CPU
		{7D4DE65E-B2A7-4A2F-BA0B-4C8C516A722A}.Debug|x86.Build.0 = Debug|Any CPU
		{7D4DE65E-B2A7-4A2F-BA0B-4C8C516A722A}.Release|Any CPU.ActiveCfg = Release|Any CPU
		{7D4DE65E-B2A7-4A2F-BA0B-4C8C516A722A}.Release|Any CPU.Build.0 = Release|Any CPU
		{7D4DE65E-B2A7-4A2F-BA0B-4C8C516A722A}.Release|x64.ActiveCfg = Release|Any CPU
		{7D4DE65E-B2A7-4A2F-BA0B-4C8C516A722A}.Release|x64.Build.0 = Release|Any CPU
		{7D4DE65E-B2A7-4A2F-BA0B-4C8C516A722A}.Release|x86.ActiveCfg = Release|Any CPU
		{7D4DE65E-B2A7-4A2F-BA0B-4C8C516A722A}.Release|x86.Build.0 = Release|Any CPU
		{4926DE32-1AC5-422C-B3A8-2BE466155AF1}.Debug|Any CPU.ActiveCfg = Debug|Any CPU
		{4926DE32-1AC5-422C-B3A8-2BE466155AF1}.Debug|Any CPU.Build.0 = Debug|Any CPU
		{4926DE32-1AC5-422C-B3A8-2BE466155AF1}.Debug|x64.ActiveCfg = Debug|Any CPU
		{4926DE32-1AC5-422C-B3A8-2BE466155AF1}.Debug|x64.Build.0 = Debug|Any CPU
		{4926DE32-1AC5-422C-B3A8-2BE466155AF1}.Debug|x86.ActiveCfg = Debug|Any CPU
		{4926DE32-1AC5-422C-B3A8-2BE466155AF1}.Debug|x86.Build.0 = Debug|Any CPU
		{4926DE32-1AC5-422C-B3A8-2BE466155AF1}.Release|Any CPU.ActiveCfg = Release|Any CPU
		{4926DE32-1AC5-422C-B3A8-2BE466155AF1}.Release|Any CPU.Build.0 = Release|Any CPU
		{4926DE32-1AC5-422C-B3A8-2BE466155AF1}.Release|x64.ActiveCfg = Release|Any CPU
		{4926DE32-1AC5-422C-B3A8-2BE466155AF1}.Release|x64.Build.0 = Release|Any CPU
		{4926DE32-1AC5-422C-B3A8-2BE466155AF1}.Release|x86.ActiveCfg = Release|Any CPU
		{4926DE32-1AC5-422C-B3A8-2BE466155AF1}.Release|x86.Build.0 = Release|Any CPU
		{631075F3-94C8-41A1-9E02-11ACDA3C41E9}.Debug|Any CPU.ActiveCfg = Debug|Any CPU
		{631075F3-94C8-41A1-9E02-11ACDA3C41E9}.Debug|Any CPU.Build.0 = Debug|Any CPU
		{631075F3-94C8-41A1-9E02-11ACDA3C41E9}.Debug|x64.ActiveCfg = Debug|Any CPU
		{631075F3-94C8-41A1-9E02-11ACDA3C41E9}.Debug|x64.Build.0 = Debug|Any CPU
		{631075F3-94C8-41A1-9E02-11ACDA3C41E9}.Debug|x86.ActiveCfg = Debug|Any CPU
		{631075F3-94C8-41A1-9E02-11ACDA3C41E9}.Debug|x86.Build.0 = Debug|Any CPU
		{631075F3-94C8-41A1-9E02-11ACDA3C41E9}.Release|Any CPU.ActiveCfg = Release|Any CPU
		{631075F3-94C8-41A1-9E02-11ACDA3C41E9}.Release|Any CPU.Build.0 = Release|Any CPU
		{631075F3-94C8-41A1-9E02-11ACDA3C41E9}.Release|x64.ActiveCfg = Release|Any CPU
		{631075F3-94C8-41A1-9E02-11ACDA3C41E9}.Release|x64.Build.0 = Release|Any CPU
		{631075F3-94C8-41A1-9E02-11ACDA3C41E9}.Release|x86.ActiveCfg = Release|Any CPU
		{631075F3-94C8-41A1-9E02-11ACDA3C41E9}.Release|x86.Build.0 = Release|Any CPU
		{67BD5F6F-F069-401A-8067-694C8D7E375E}.Debug|Any CPU.ActiveCfg = Debug|Any CPU
		{67BD5F6F-F069-401A-8067-694C8D7E375E}.Debug|Any CPU.Build.0 = Debug|Any CPU
		{67BD5F6F-F069-401A-8067-694C8D7E375E}.Debug|x64.ActiveCfg = Debug|Any CPU
		{67BD5F6F-F069-401A-8067-694C8D7E375E}.Debug|x64.Build.0 = Debug|Any CPU
		{67BD5F6F-F069-401A-8067-694C8D7E375E}.Debug|x86.ActiveCfg = Debug|Any CPU
		{67BD5F6F-F069-401A-8067-694C8D7E375E}.Debug|x86.Build.0 = Debug|Any CPU
		{67BD5F6F-F069-401A-8067-694C8D7E375E}.Release|Any CPU.ActiveCfg = Release|Any CPU
		{67BD5F6F-F069-401A-8067-694C8D7E375E}.Release|Any CPU.Build.0 = Release|Any CPU
		{67BD5F6F-F069-401A-8067-694C8D7E375E}.Release|x64.ActiveCfg = Release|Any CPU
		{67BD5F6F-F069-401A-8067-694C8D7E375E}.Release|x64.Build.0 = Release|Any CPU
		{67BD5F6F-F069-401A-8067-694C8D7E375E}.Release|x86.ActiveCfg = Release|Any CPU
		{67BD5F6F-F069-401A-8067-694C8D7E375E}.Release|x86.Build.0 = Release|Any CPU
		{E54071CE-B0B4-4077-B212-5EA84BB0CC41}.Debug|Any CPU.ActiveCfg = Debug|Any CPU
		{E54071CE-B0B4-4077-B212-5EA84BB0CC41}.Debug|Any CPU.Build.0 = Debug|Any CPU
		{E54071CE-B0B4-4077-B212-5EA84BB0CC41}.Debug|x64.ActiveCfg = Debug|Any CPU
		{E54071CE-B0B4-4077-B212-5EA84BB0CC41}.Debug|x64.Build.0 = Debug|Any CPU
		{E54071CE-B0B4-4077-B212-5EA84BB0CC41}.Debug|x86.ActiveCfg = Debug|Any CPU
		{E54071CE-B0B4-4077-B212-5EA84BB0CC41}.Debug|x86.Build.0 = Debug|Any CPU
		{E54071CE-B0B4-4077-B212-5EA84BB0CC41}.Release|Any CPU.ActiveCfg = Release|Any CPU
		{E54071CE-B0B4-4077-B212-5EA84BB0CC41}.Release|Any CPU.Build.0 = Release|Any CPU
		{E54071CE-B0B4-4077-B212-5EA84BB0CC41}.Release|x64.ActiveCfg = Release|Any CPU
		{E54071CE-B0B4-4077-B212-5EA84BB0CC41}.Release|x64.Build.0 = Release|Any CPU
		{E54071CE-B0B4-4077-B212-5EA84BB0CC41}.Release|x86.ActiveCfg = Release|Any CPU
		{E54071CE-B0B4-4077-B212-5EA84BB0CC41}.Release|x86.Build.0 = Release|Any CPU
		{CC33EB80-7CAF-4810-A6F7-35E716335E3F}.Debug|Any CPU.ActiveCfg = Debug|Any CPU
		{CC33EB80-7CAF-4810-A6F7-35E716335E3F}.Debug|Any CPU.Build.0 = Debug|Any CPU
		{CC33EB80-7CAF-4810-A6F7-35E716335E3F}.Debug|x64.ActiveCfg = Debug|Any CPU
		{CC33EB80-7CAF-4810-A6F7-35E716335E3F}.Debug|x64.Build.0 = Debug|Any CPU
		{CC33EB80-7CAF-4810-A6F7-35E716335E3F}.Debug|x86.ActiveCfg = Debug|Any CPU
		{CC33EB80-7CAF-4810-A6F7-35E716335E3F}.Debug|x86.Build.0 = Debug|Any CPU
		{CC33EB80-7CAF-4810-A6F7-35E716335E3F}.Release|Any CPU.ActiveCfg = Release|Any CPU
		{CC33EB80-7CAF-4810-A6F7-35E716335E3F}.Release|Any CPU.Build.0 = Release|Any CPU
		{CC33EB80-7CAF-4810-A6F7-35E716335E3F}.Release|x64.ActiveCfg = Release|Any CPU
		{CC33EB80-7CAF-4810-A6F7-35E716335E3F}.Release|x64.Build.0 = Release|Any CPU
		{CC33EB80-7CAF-4810-A6F7-35E716335E3F}.Release|x86.ActiveCfg = Release|Any CPU
		{CC33EB80-7CAF-4810-A6F7-35E716335E3F}.Release|x86.Build.0 = Release|Any CPU
		{FB8B1C8A-88E5-466A-9B00-BEE56C69214C}.Debug|Any CPU.ActiveCfg = Debug|Any CPU
		{FB8B1C8A-88E5-466A-9B00-BEE56C69214C}.Debug|Any CPU.Build.0 = Debug|Any CPU
		{FB8B1C8A-88E5-466A-9B00-BEE56C69214C}.Debug|x64.ActiveCfg = Debug|Any CPU
		{FB8B1C8A-88E5-466A-9B00-BEE56C69214C}.Debug|x64.Build.0 = Debug|Any CPU
		{FB8B1C8A-88E5-466A-9B00-BEE56C69214C}.Debug|x86.ActiveCfg = Debug|Any CPU
		{FB8B1C8A-88E5-466A-9B00-BEE56C69214C}.Debug|x86.Build.0 = Debug|Any CPU
		{FB8B1C8A-88E5-466A-9B00-BEE56C69214C}.Release|Any CPU.ActiveCfg = Release|Any CPU
		{FB8B1C8A-88E5-466A-9B00-BEE56C69214C}.Release|Any CPU.Build.0 = Release|Any CPU
		{FB8B1C8A-88E5-466A-9B00-BEE56C69214C}.Release|x64.ActiveCfg = Release|Any CPU
		{FB8B1C8A-88E5-466A-9B00-BEE56C69214C}.Release|x64.Build.0 = Release|Any CPU
		{FB8B1C8A-88E5-466A-9B00-BEE56C69214C}.Release|x86.ActiveCfg = Release|Any CPU
		{FB8B1C8A-88E5-466A-9B00-BEE56C69214C}.Release|x86.Build.0 = Release|Any CPU
	EndGlobalSection
	GlobalSection(SolutionProperties) = preSolution
		HideSolutionNode = FALSE
	EndGlobalSection
	GlobalSection(ExtensibilityGlobals) = postSolution
		SolutionGuid = {D07CD05C-83EF-464E-BF4E-5A16DB8DC568}
	EndGlobalSection
EndGlobal
